<?xml version="1.0" encoding="UTF-8"?>
<!DOCTYPE plist PUBLIC "-//Apple//DTD PLIST 1.0//EN" "http://www.apple.com/DTDs/PropertyList-1.0.dtd">
<plist version="1.0">
<dict>
	<key>archiveVersion</key>
	<string>1</string>
	<key>classes</key>
	<dict/>
	<key>objectVersion</key>
	<string>46</string>
	<key>objects</key>
	<dict>
		<key>1EB78259A0D7AF7A4A03AD8E</key>
		<dict>
			<key>fileRef</key>
			<string>473D1DBFBF0CD20799274816</string>
			<key>isa</key>
			<string>PBXBuildFile</string>
		</dict>
		<key>29FB7E052A304C943A9147A0</key>
		<dict>
			<key>buildActionMask</key>
			<string>2147483647</string>
			<key>files</key>
			<array/>
			<key>inputPaths</key>
			<array/>
			<key>isa</key>
			<string>PBXShellScriptBuildPhase</string>
			<key>name</key>
			<string>Copy Pods Resources</string>
			<key>outputPaths</key>
			<array/>
			<key>runOnlyForDeploymentPostprocessing</key>
			<string>0</string>
			<key>shellPath</key>
			<string>/bin/sh</string>
			<key>shellScript</key>
			<string>"${SRCROOT}/Pods/Target Support Files/Pods-CocoaPodsDemo/Pods-CocoaPodsDemo-resources.sh"
</string>
			<key>showEnvVarsInLog</key>
			<string>0</string>
		</dict>
		<key>326706DD9B7F31EB0D860E58</key>
		<dict>
			<key>children</key>
			<array>
				<string>EDD16F2E7783F355BFAC04FB</string>
				<string>ACD8DCF5645284694C063B49</string>
			</array>
			<key>isa</key>
			<string>PBXGroup</string>
			<key>name</key>
			<string>Pods</string>
			<key>sourceTree</key>
			<string>&lt;group&gt;</string>
		</dict>
		<key>473D1DBFBF0CD20799274816</key>
		<dict>
			<key>explicitFileType</key>
			<string>archive.ar</string>
			<key>includeInIndex</key>
			<string>0</string>
			<key>isa</key>
			<string>PBXFileReference</string>
			<key>path</key>
			<string>libPods-CocoaPodsDemo.a</string>
			<key>sourceTree</key>
			<string>BUILT_PRODUCTS_DIR</string>
		</dict>
		<key>824D3DD95A201FA92878615F</key>
		<dict>
			<key>buildActionMask</key>
			<string>2147483647</string>
			<key>files</key>
			<array/>
			<key>inputPaths</key>
			<array/>
			<key>isa</key>
			<string>PBXShellScriptBuildPhase</string>
			<key>name</key>
			<string>Check Pods Manifest.lock</string>
			<key>outputPaths</key>
			<array/>
			<key>runOnlyForDeploymentPostprocessing</key>
			<string>0</string>
			<key>shellPath</key>
			<string>/bin/sh</string>
			<key>shellScript</key>
			<string>diff "${PODS_ROOT}/../Podfile.lock" "${PODS_ROOT}/Manifest.lock" &gt; /dev/null
if [[ $? != 0 ]] ; then
    cat &lt;&lt; EOM
error: The sandbox is not in sync with the Podfile.lock. Run 'pod install' or update your CocoaPods installation.
EOM
    exit 1
fi
</string>
			<key>showEnvVarsInLog</key>
			<string>0</string>
		</dict>
		<key>ACD8DCF5645284694C063B49</key>
		<dict>
			<key>includeInIndex</key>
			<string>1</string>
			<key>isa</key>
			<string>PBXFileReference</string>
			<key>lastKnownFileType</key>
			<string>text.xcconfig</string>
			<key>name</key>
			<string>Pods-CocoaPodsDemo.release.xcconfig</string>
			<key>path</key>
			<string>Pods/Target Support Files/Pods-CocoaPodsDemo/Pods-CocoaPodsDemo.release.xcconfig</string>
			<key>sourceTree</key>
			<string>&lt;group&gt;</string>
		</dict>
		<key>CE7551B91A4B97E2003A1D6B</key>
		<dict>
			<key>children</key>
			<array>
				<string>CE7551CE1A4B97E2003A1D6B</string>
				<string>CE7551C71A4B97E2003A1D6B</string>
				<string>CE7551C51A4B97E2003A1D6B</string>
				<string>326706DD9B7F31EB0D860E58</string>
			</array>
			<key>isa</key>
			<string>PBXGroup</string>
			<key>sourceTree</key>
			<string>&lt;group&gt;</string>
		</dict>
		<key>CE7551BB1A4B97E2003A1D6B</key>
		<dict>
			<key>attributes</key>
			<dict>
				<key>LastUpgradeCheck</key>
				<string>0450</string>
				<key>ORGANIZATIONNAME</key>
				<string>Company</string>
			</dict>
			<key>buildConfigurationList</key>
			<string>CE7551BE1A4B97E2003A1D6B</string>
			<key>compatibilityVersion</key>
			<string>Xcode 3.2</string>
			<key>developmentRegion</key>
			<string>English</string>
			<key>hasScannedForEncodings</key>
			<string>0</string>
			<key>isa</key>
			<string>PBXProject</string>
			<key>knownRegions</key>
			<array>
				<string>en</string>
			</array>
			<key>mainGroup</key>
			<string>CE7551B91A4B97E2003A1D6B</string>
			<key>productRefGroup</key>
			<string>CE7551C51A4B97E2003A1D6B</string>
			<key>projectDirPath</key>
			<string></string>
			<key>projectReferences</key>
			<array/>
			<key>projectRoot</key>
			<string></string>
			<key>targets</key>
			<array>
				<string>CE7551C31A4B97E2003A1D6B</string>
			</array>
		</dict>
		<key>CE7551BE1A4B97E2003A1D6B</key>
		<dict>
			<key>buildConfigurations</key>
			<array>
				<string>CE7551E31A4B97E2003A1D6B</string>
				<string>CE7551E41A4B97E2003A1D6B</string>
			</array>
			<key>defaultConfigurationIsVisible</key>
			<string>0</string>
			<key>defaultConfigurationName</key>
			<string>Release</string>
			<key>isa</key>
			<string>XCConfigurationList</string>
		</dict>
		<key>CE7551C01A4B97E2003A1D6B</key>
		<dict>
			<key>buildActionMask</key>
			<string>2147483647</string>
			<key>files</key>
			<array>
				<string>CE7551D51A4B97E2003A1D6B</string>
				<string>CE7551D91A4B97E2003A1D6B</string>
				<string>CE7551DC1A4B97E2003A1D6B</string>
			</array>
			<key>isa</key>
			<string>PBXSourcesBuildPhase</string>
			<key>runOnlyForDeploymentPostprocessing</key>
			<string>0</string>
		</dict>
		<key>CE7551C11A4B97E2003A1D6B</key>
		<dict>
			<key>buildActionMask</key>
			<string>2147483647</string>
			<key>files</key>
			<array>
				<string>CE7551C91A4B97E2003A1D6B</string>
				<string>CE7551CB1A4B97E2003A1D6B</string>
				<string>CE7551CD1A4B97E2003A1D6B</string>
				<string>1EB78259A0D7AF7A4A03AD8E</string>
			</array>
			<key>isa</key>
			<string>PBXFrameworksBuildPhase</string>
			<key>runOnlyForDeploymentPostprocessing</key>
			<string>0</string>
		</dict>
		<key>CE7551C21A4B97E2003A1D6B</key>
		<dict>
			<key>buildActionMask</key>
			<string>2147483647</string>
			<key>files</key>
			<array>
				<string>CE7551D31A4B97E2003A1D6B</string>
				<string>CE7551DF1A4B97E2003A1D6B</string>
				<string>CE7551E21A4B97E2003A1D6B</string>
			</array>
			<key>isa</key>
			<string>PBXResourcesBuildPhase</string>
			<key>runOnlyForDeploymentPostprocessing</key>
			<string>0</string>
		</dict>
		<key>CE7551C31A4B97E2003A1D6B</key>
		<dict>
			<key>buildConfigurationList</key>
			<string>CE7551E51A4B97E2003A1D6B</string>
			<key>buildPhases</key>
			<array>
				<string>824D3DD95A201FA92878615F</string>
				<string>CE7551C01A4B97E2003A1D6B</string>
				<string>CE7551C11A4B97E2003A1D6B</string>
				<string>CE7551C21A4B97E2003A1D6B</string>
				<string>29FB7E052A304C943A9147A0</string>
			</array>
			<key>buildRules</key>
			<array/>
			<key>dependencies</key>
			<array/>
			<key>isa</key>
			<string>PBXNativeTarget</string>
			<key>name</key>
			<string>CocoaPodsDemo</string>
			<key>productName</key>
			<string>CocoaPodsDemo</string>
			<key>productReference</key>
			<string>CE7551C41A4B97E2003A1D6B</string>
			<key>productType</key>
			<string>com.apple.product-type.application</string>
		</dict>
		<key>CE7551C41A4B97E2003A1D6B</key>
		<dict>
			<key>explicitFileType</key>
			<string>wrapper.application</string>
			<key>includeInIndex</key>
			<string>0</string>
			<key>isa</key>
			<string>PBXFileReference</string>
			<key>path</key>
			<string>CocoaPodsDemo.app</string>
			<key>sourceTree</key>
			<string>BUILT_PRODUCTS_DIR</string>
		</dict>
		<key>CE7551C51A4B97E2003A1D6B</key>
		<dict>
			<key>children</key>
			<array>
				<string>CE7551C41A4B97E2003A1D6B</string>
			</array>
			<key>isa</key>
			<string>PBXGroup</string>
			<key>name</key>
			<string>Products</string>
			<key>sourceTree</key>
			<string>&lt;group&gt;</string>
		</dict>
		<key>CE7551C71A4B97E2003A1D6B</key>
		<dict>
			<key>children</key>
			<array>
				<string>CE7551C81A4B97E2003A1D6B</string>
				<string>CE7551CA1A4B97E2003A1D6B</string>
				<string>CE7551CC1A4B97E2003A1D6B</string>
				<string>473D1DBFBF0CD20799274816</string>
			</array>
			<key>isa</key>
			<string>PBXGroup</string>
			<key>name</key>
			<string>Frameworks</string>
			<key>sourceTree</key>
			<string>&lt;group&gt;</string>
		</dict>
		<key>CE7551C81A4B97E2003A1D6B</key>
		<dict>
			<key>isa</key>
			<string>PBXFileReference</string>
			<key>lastKnownFileType</key>
			<string>wrapper.framework</string>
			<key>name</key>
			<string>UIKit.framework</string>
			<key>path</key>
			<string>System/Library/Frameworks/UIKit.framework</string>
			<key>sourceTree</key>
			<string>SDKROOT</string>
		</dict>
		<key>CE7551C91A4B97E2003A1D6B</key>
		<dict>
			<key>fileRef</key>
			<string>CE7551C81A4B97E2003A1D6B</string>
			<key>isa</key>
			<string>PBXBuildFile</string>
		</dict>
		<key>CE7551CA1A4B97E2003A1D6B</key>
		<dict>
			<key>isa</key>
			<string>PBXFileReference</string>
			<key>lastKnownFileType</key>
			<string>wrapper.framework</string>
			<key>name</key>
			<string>Foundation.framework</string>
			<key>path</key>
			<string>System/Library/Frameworks/Foundation.framework</string>
			<key>sourceTree</key>
			<string>SDKROOT</string>
		</dict>
		<key>CE7551CB1A4B97E2003A1D6B</key>
		<dict>
			<key>fileRef</key>
			<string>CE7551CA1A4B97E2003A1D6B</string>
			<key>isa</key>
			<string>PBXBuildFile</string>
		</dict>
		<key>CE7551CC1A4B97E2003A1D6B</key>
		<dict>
			<key>isa</key>
			<string>PBXFileReference</string>
			<key>lastKnownFileType</key>
			<string>wrapper.framework</string>
			<key>name</key>
			<string>CoreGraphics.framework</string>
			<key>path</key>
			<string>System/Library/Frameworks/CoreGraphics.framework</string>
			<key>sourceTree</key>
			<string>SDKROOT</string>
		</dict>
		<key>CE7551CD1A4B97E2003A1D6B</key>
		<dict>
			<key>fileRef</key>
			<string>CE7551CC1A4B97E2003A1D6B</string>
			<key>isa</key>
			<string>PBXBuildFile</string>
		</dict>
		<key>CE7551CE1A4B97E2003A1D6B</key>
		<dict>
			<key>children</key>
			<array>
				<string>CE7551D71A4B97E2003A1D6B</string>
				<string>CE7551D81A4B97E2003A1D6B</string>
				<string>CE7551DA1A4B97E2003A1D6B</string>
				<string>CE7551DB1A4B97E2003A1D6B</string>
				<string>CE7551DD1A4B97E2003A1D6B</string>
				<string>CE7551E01A4B97E2003A1D6B</string>
				<string>CE7551CF1A4B97E2003A1D6B</string>
			</array>
			<key>isa</key>
			<string>PBXGroup</string>
			<key>path</key>
			<string>CocoaPodsDemo</string>
			<key>sourceTree</key>
			<string>&lt;group&gt;</string>
		</dict>
		<key>CE7551CF1A4B97E2003A1D6B</key>
		<dict>
			<key>children</key>
			<array>
				<string>CE7551D01A4B97E2003A1D6B</string>
				<string>CE7551D11A4B97E2003A1D6B</string>
				<string>CE7551D41A4B97E2003A1D6B</string>
				<string>CE7551D61A4B97E2003A1D6B</string>
			</array>
			<key>isa</key>
			<string>PBXGroup</string>
			<key>name</key>
			<string>Supporting Files</string>
			<key>sourceTree</key>
			<string>&lt;group&gt;</string>
		</dict>
		<key>CE7551D01A4B97E2003A1D6B</key>
		<dict>
			<key>isa</key>
			<string>PBXFileReference</string>
			<key>lastKnownFileType</key>
			<string>text.plist.xml</string>
			<key>path</key>
			<string>CocoaPodsDemo-Info.plist</string>
			<key>sourceTree</key>
			<string>&lt;group&gt;</string>
		</dict>
		<key>CE7551D11A4B97E2003A1D6B</key>
		<dict>
			<key>children</key>
			<array>
				<string>CE7551D21A4B97E2003A1D6B</string>
			</array>
			<key>isa</key>
			<string>PBXVariantGroup</string>
			<key>name</key>
			<string>InfoPlist.strings</string>
			<key>sourceTree</key>
			<string>&lt;group&gt;</string>
		</dict>
		<key>CE7551D21A4B97E2003A1D6B</key>
		<dict>
			<key>isa</key>
			<string>PBXFileReference</string>
			<key>lastKnownFileType</key>
			<string>text.plist.strings</string>
			<key>name</key>
			<string>en</string>
			<key>path</key>
			<string>en.lproj/InfoPlist.strings</string>
			<key>sourceTree</key>
			<string>&lt;group&gt;</string>
		</dict>
		<key>CE7551D31A4B97E2003A1D6B</key>
		<dict>
			<key>fileRef</key>
			<string>CE7551D11A4B97E2003A1D6B</string>
			<key>isa</key>
			<string>PBXBuildFile</string>
		</dict>
		<key>CE7551D41A4B97E2003A1D6B</key>
		<dict>
			<key>isa</key>
			<string>PBXFileReference</string>
			<key>lastKnownFileType</key>
			<string>sourcecode.c.objc</string>
			<key>path</key>
			<string>main.m</string>
			<key>sourceTree</key>
			<string>&lt;group&gt;</string>
		</dict>
		<key>CE7551D51A4B97E2003A1D6B</key>
		<dict>
			<key>fileRef</key>
			<string>CE7551D41A4B97E2003A1D6B</string>
			<key>isa</key>
			<string>PBXBuildFile</string>
		</dict>
		<key>CE7551D61A4B97E2003A1D6B</key>
		<dict>
			<key>isa</key>
			<string>PBXFileReference</string>
			<key>lastKnownFileType</key>
			<string>sourcecode.c.h</string>
			<key>path</key>
			<string>CocoaPodsDemo-Prefix.pch</string>
			<key>sourceTree</key>
			<string>&lt;group&gt;</string>
		</dict>
		<key>CE7551D71A4B97E2003A1D6B</key>
		<dict>
			<key>isa</key>
			<string>PBXFileReference</string>
			<key>lastKnownFileType</key>
			<string>sourcecode.c.h</string>
			<key>path</key>
			<string>AppDelegate.h</string>
			<key>sourceTree</key>
			<string>&lt;group&gt;</string>
		</dict>
		<key>CE7551D81A4B97E2003A1D6B</key>
		<dict>
			<key>isa</key>
			<string>PBXFileReference</string>
			<key>lastKnownFileType</key>
			<string>sourcecode.c.objc</string>
			<key>path</key>
			<string>AppDelegate.m</string>
			<key>sourceTree</key>
			<string>&lt;group&gt;</string>
		</dict>
		<key>CE7551D91A4B97E2003A1D6B</key>
		<dict>
			<key>fileRef</key>
			<string>CE7551D81A4B97E2003A1D6B</string>
			<key>isa</key>
			<string>PBXBuildFile</string>
		</dict>
		<key>CE7551DA1A4B97E2003A1D6B</key>
		<dict>
			<key>isa</key>
			<string>PBXFileReference</string>
			<key>lastKnownFileType</key>
			<string>sourcecode.c.h</string>
			<key>path</key>
			<string>ViewController.h</string>
			<key>sourceTree</key>
			<string>&lt;group&gt;</string>
		</dict>
		<key>CE7551DB1A4B97E2003A1D6B</key>
		<dict>
			<key>isa</key>
			<string>PBXFileReference</string>
			<key>lastKnownFileType</key>
			<string>sourcecode.c.objc</string>
			<key>path</key>
			<string>ViewController.m</string>
			<key>sourceTree</key>
			<string>&lt;group&gt;</string>
		</dict>
		<key>CE7551DC1A4B97E2003A1D6B</key>
		<dict>
			<key>fileRef</key>
			<string>CE7551DB1A4B97E2003A1D6B</string>
			<key>isa</key>
			<string>PBXBuildFile</string>
		</dict>
		<key>CE7551DD1A4B97E2003A1D6B</key>
		<dict>
			<key>children</key>
			<array>
				<string>CE7551DE1A4B97E2003A1D6B</string>
			</array>
			<key>isa</key>
			<string>PBXVariantGroup</string>
			<key>name</key>
			<string>ViewController_iPhone.xib</string>
			<key>sourceTree</key>
			<string>&lt;group&gt;</string>
		</dict>
		<key>CE7551DE1A4B97E2003A1D6B</key>
		<dict>
			<key>isa</key>
			<string>PBXFileReference</string>
			<key>lastKnownFileType</key>
			<string>file.xib</string>
			<key>name</key>
			<string>en</string>
			<key>path</key>
			<string>en.lproj/ViewController_iPhone.xib</string>
			<key>sourceTree</key>
			<string>&lt;group&gt;</string>
		</dict>
		<key>CE7551DF1A4B97E2003A1D6B</key>
		<dict>
			<key>fileRef</key>
			<string>CE7551DD1A4B97E2003A1D6B</string>
			<key>isa</key>
			<string>PBXBuildFile</string>
		</dict>
		<key>CE7551E01A4B97E2003A1D6B</key>
		<dict>
			<key>children</key>
			<array>
				<string>CE7551E11A4B97E2003A1D6B</string>
			</array>
			<key>isa</key>
			<string>PBXVariantGroup</string>
			<key>name</key>
			<string>ViewController_iPad.xib</string>
			<key>sourceTree</key>
			<string>&lt;group&gt;</string>
		</dict>
		<key>CE7551E11A4B97E2003A1D6B</key>
		<dict>
			<key>isa</key>
			<string>PBXFileReference</string>
			<key>lastKnownFileType</key>
			<string>file.xib</string>
			<key>name</key>
			<string>en</string>
			<key>path</key>
			<string>en.lproj/ViewController_iPad.xib</string>
			<key>sourceTree</key>
			<string>&lt;group&gt;</string>
		</dict>
		<key>CE7551E21A4B97E2003A1D6B</key>
		<dict>
			<key>fileRef</key>
			<string>CE7551E01A4B97E2003A1D6B</string>
			<key>isa</key>
			<string>PBXBuildFile</string>
		</dict>
		<key>CE7551E31A4B97E2003A1D6B</key>
		<dict>
			<key>buildSettings</key>
			<dict>
				<key>ALWAYS_SEARCH_USER_PATHS</key>
				<string>NO</string>
				<key>CLANG_CXX_LANGUAGE_STANDARD</key>
				<string>gnu++0x</string>
				<key>CLANG_ENABLE_OBJC_ARC</key>
				<string>YES</string>
				<key>CLANG_WARN__DUPLICATE_METHOD_MATCH</key>
				<string>YES</string>
				<key>CODE_SIGN_IDENTITY[sdk=iphoneos*]</key>
				<string>iPhone Developer</string>
				<key>COPY_PHASE_STRIP</key>
				<string>NO</string>
				<key>GCC_C_LANGUAGE_STANDARD</key>
				<string>gnu99</string>
				<key>GCC_DYNAMIC_NO_PIC</key>
				<string>NO</string>
				<key>GCC_OPTIMIZATION_LEVEL</key>
				<string>0</string>
				<key>GCC_PREPROCESSOR_DEFINITIONS</key>
				<array>
					<string>DEBUG=1</string>
					<string>$(inherited)</string>
				</array>
				<key>GCC_SYMBOLS_PRIVATE_EXTERN</key>
				<string>NO</string>
				<key>GCC_WARN_ABOUT_RETURN_TYPE</key>
				<string>YES</string>
				<key>GCC_WARN_UNINITIALIZED_AUTOS</key>
				<string>YES</string>
				<key>GCC_WARN_UNUSED_VARIABLE</key>
				<string>YES</string>
				<key>IPHONEOS_DEPLOYMENT_TARGET</key>
				<string>6.0</string>
				<key>SDKROOT</key>
				<string>iphoneos</string>
				<key>TARGETED_DEVICE_FAMILY</key>
				<string>1,2</string>
			</dict>
			<key>isa</key>
			<string>XCBuildConfiguration</string>
			<key>name</key>
			<string>Debug</string>
		</dict>
		<key>CE7551E41A4B97E2003A1D6B</key>
		<dict>
			<key>buildSettings</key>
			<dict>
				<key>ALWAYS_SEARCH_USER_PATHS</key>
				<string>NO</string>
				<key>CLANG_CXX_LANGUAGE_STANDARD</key>
				<string>gnu++0x</string>
				<key>CLANG_ENABLE_OBJC_ARC</key>
				<string>YES</string>
				<key>CLANG_WARN__DUPLICATE_METHOD_MATCH</key>
				<string>YES</string>
				<key>CODE_SIGN_IDENTITY[sdk=iphoneos*]</key>
				<string>iPhone Developer</string>
				<key>COPY_PHASE_STRIP</key>
				<string>YES</string>
				<key>GCC_C_LANGUAGE_STANDARD</key>
				<string>gnu99</string>
				<key>GCC_WARN_ABOUT_RETURN_TYPE</key>
				<string>YES</string>
				<key>GCC_WARN_UNINITIALIZED_AUTOS</key>
				<string>YES</string>
				<key>GCC_WARN_UNUSED_VARIABLE</key>
				<string>YES</string>
				<key>IPHONEOS_DEPLOYMENT_TARGET</key>
				<string>6.0</string>
				<key>OTHER_CFLAGS</key>
				<string>-DNS_BLOCK_ASSERTIONS=1</string>
				<key>SDKROOT</key>
				<string>iphoneos</string>
				<key>TARGETED_DEVICE_FAMILY</key>
				<string>1,2</string>
				<key>VALIDATE_PRODUCT</key>
				<string>YES</string>
			</dict>
			<key>isa</key>
			<string>XCBuildConfiguration</string>
			<key>name</key>
			<string>Release</string>
		</dict>
		<key>CE7551E51A4B97E2003A1D6B</key>
		<dict>
			<key>buildConfigurations</key>
			<array>
				<string>CE7551E61A4B97E2003A1D6B</string>
				<string>CE7551E71A4B97E2003A1D6B</string>
			</array>
			<key>defaultConfigurationIsVisible</key>
			<string>0</string>
			<key>isa</key>
			<string>XCConfigurationList</string>
		</dict>
		<key>CE7551E61A4B97E2003A1D6B</key>
		<dict>
			<key>baseConfigurationReference</key>
			<string>EDD16F2E7783F355BFAC04FB</string>
			<key>buildSettings</key>
			<dict>
				<key>GCC_PRECOMPILE_PREFIX_HEADER</key>
				<string>YES</string>
				<key>GCC_PREFIX_HEADER</key>
				<string>CocoaPodsDemo/CocoaPodsDemo-Prefix.pch</string>
				<key>INFOPLIST_FILE</key>
				<string>CocoaPodsDemo/CocoaPodsDemo-Info.plist</string>
				<key>PRODUCT_NAME</key>
				<string>$(TARGET_NAME)</string>
				<key>WRAPPER_EXTENSION</key>
				<string>app</string>
			</dict>
			<key>isa</key>
			<string>XCBuildConfiguration</string>
			<key>name</key>
			<string>Debug</string>
		</dict>
		<key>CE7551E71A4B97E2003A1D6B</key>
		<dict>
			<key>baseConfigurationReference</key>
			<string>ACD8DCF5645284694C063B49</string>
			<key>buildSettings</key>
			<dict>
				<key>GCC_PRECOMPILE_PREFIX_HEADER</key>
				<string>YES</string>
				<key>GCC_PREFIX_HEADER</key>
				<string>CocoaPodsDemo/CocoaPodsDemo-Prefix.pch</string>
				<key>INFOPLIST_FILE</key>
				<string>CocoaPodsDemo/CocoaPodsDemo-Info.plist</string>
				<key>PRODUCT_NAME</key>
				<string>$(TARGET_NAME)</string>
				<key>WRAPPER_EXTENSION</key>
				<string>app</string>
			</dict>
			<key>isa</key>
			<string>XCBuildConfiguration</string>
			<key>name</key>
			<string>Release</string>
		</dict>
		<key>EDD16F2E7783F355BFAC04FB</key>
		<dict>
			<key>includeInIndex</key>
			<string>1</string>
			<key>isa</key>
			<string>PBXFileReference</string>
			<key>lastKnownFileType</key>
			<string>text.xcconfig</string>
			<key>name</key>
			<string>Pods-CocoaPodsDemo.debug.xcconfig</string>
			<key>path</key>
			<string>Pods/Target Support Files/Pods-CocoaPodsDemo/Pods-CocoaPodsDemo.debug.xcconfig</string>
			<key>sourceTree</key>
			<string>&lt;group&gt;</string>
		</dict>
	</dict>
	<key>rootObject</key>
	<string>CE7551BB1A4B97E2003A1D6B</string>
</dict>
</plist>
